// !$*UTF8*$!
{
	archiveVersion = 1;
	classes = {
	};
	objectVersion = 56;
	objects = {

/* Begin PBXBuildFile section */
		B5B6A70C2D3BCB7100B6ABC5 /* SwiftfulThinkingSPMsAndSDKsApp.swift in Sources */ = {isa = PBXBuildFile; fileRef = B5B6A70B2D3BCB7100B6ABC5 /* SwiftfulThinkingSPMsAndSDKsApp.swift */; };
		B5B6A70E2D3BCB7100B6ABC5 /* ContentView.swift in Sources */ = {isa = PBXBuildFile; fileRef = B5B6A70D2D3BCB7100B6ABC5 /* ContentView.swift */; };
		B5B6A7102D3BCB7200B6ABC5 /* Assets.xcassets in Resources */ = {isa = PBXBuildFile; fileRef = B5B6A70F2D3BCB7200B6ABC5 /* Assets.xcassets */; };
		B5B6A7132D3BCB7200B6ABC5 /* Preview Assets.xcassets in Resources */ = {isa = PBXBuildFile; fileRef = B5B6A7122D3BCB7200B6ABC5 /* Preview Assets.xcassets */; };
		B5B6A71B2D3BCD5F00B6ABC5 /* SDWebImageSwiftUI in Frameworks */ = {isa = PBXBuildFile; productRef = B5B6A71A2D3BCD5F00B6ABC5 /* SDWebImageSwiftUI */; };
		B5B6A71E2D3BCD9300B6ABC5 /* SDWebImageBootcamp.swift in Sources */ = {isa = PBXBuildFile; fileRef = B5B6A71D2D3BCD9300B6ABC5 /* SDWebImageBootcamp.swift */; };
		B5B6A7212D3BD5CE00B6ABC5 /* ImageLoader.swift in Sources */ = {isa = PBXBuildFile; fileRef = B5B6A7202D3BD5CE00B6ABC5 /* ImageLoader.swift */; };
		B5B6A7232D3BD62C00B6ABC5 /* ImagePrefetcher.swift in Sources */ = {isa = PBXBuildFile; fileRef = B5B6A7222D3BD62C00B6ABC5 /* ImagePrefetcher.swift */; };
		B5B6A7272D3BD6C100B6ABC5 /* KingfisherBootcamp.swift in Sources */ = {isa = PBXBuildFile; fileRef = B5B6A7262D3BD6C100B6ABC5 /* KingfisherBootcamp.swift */; };
		B5B6A72A2D3BD72900B6ABC5 /* Kingfisher in Frameworks */ = {isa = PBXBuildFile; productRef = B5B6A7292D3BD72900B6ABC5 /* Kingfisher */; };
		B5B6A72D2D3C4ED800B6ABC5 /* KeychainSwiftBootcamp.swift in Sources */ = {isa = PBXBuildFile; fileRef = B5B6A72C2D3C4ED800B6ABC5 /* KeychainSwiftBootcamp.swift */; };
		B5B6A7302D3C4FF600B6ABC5 /* KeychainSwift in Frameworks */ = {isa = PBXBuildFile; productRef = B5B6A72F2D3C4FF600B6ABC5 /* KeychainSwift */; };
		B5B6A7332D3D1F2800B6ABC5 /* SwiftfulUIBootcamp.swift in Sources */ = {isa = PBXBuildFile; fileRef = B5B6A7322D3D1F2800B6ABC5 /* SwiftfulUIBootcamp.swift */; };
		B5B6A7362D3D1F7200B6ABC5 /* SwiftfulUI in Frameworks */ = {isa = PBXBuildFile; productRef = B5B6A7352D3D1F7200B6ABC5 /* SwiftfulUI */; };
		B5B6A7392D3E43CC00B6ABC5 /* SwiftfulRouting in Frameworks */ = {isa = PBXBuildFile; productRef = B5B6A7382D3E43CC00B6ABC5 /* SwiftfulRouting */; };
		B5B6A73C2D3E447F00B6ABC5 /* SwiftfulRoutingBootcamp.swift in Sources */ = {isa = PBXBuildFile; fileRef = B5B6A73B2D3E447F00B6ABC5 /* SwiftfulRoutingBootcamp.swift */; };
		B5B6A73F2D3E509B00B6ABC5 /* LottieBootcamp.swift in Sources */ = {isa = PBXBuildFile; fileRef = B5B6A73E2D3E509B00B6ABC5 /* LottieBootcamp.swift */; };
		B5B6A7462D3E530900B6ABC5 /* StarAnimation.json in Resources */ = {isa = PBXBuildFile; fileRef = B5B6A7452D3E530900B6ABC5 /* StarAnimation.json */; };
		B5B6A7492D3E539600B6ABC5 /* Lottie in Frameworks */ = {isa = PBXBuildFile; productRef = B5B6A7482D3E539600B6ABC5 /* Lottie */; };
/* End PBXBuildFile section */

/* Begin PBXFileReference section */
		B5B6A7082D3BCB7100B6ABC5 /* SwiftfulThinkingSPMsAndSDKs.app */ = {isa = PBXFileReference; explicitFileType = wrapper.application; includeInIndex = 0; path = SwiftfulThinkingSPMsAndSDKs.app; sourceTree = BUILT_PRODUCTS_DIR; };
		B5B6A70B2D3BCB7100B6ABC5 /* SwiftfulThinkingSPMsAndSDKsApp.swift */ = {isa = PBXFileReference; lastKnownFileType = sourcecode.swift; path = SwiftfulThinkingSPMsAndSDKsApp.swift; sourceTree = "<group>"; };
		B5B6A70D2D3BCB7100B6ABC5 /* ContentView.swift */ = {isa = PBXFileReference; lastKnownFileType = sourcecode.swift; path = ContentView.swift; sourceTree = "<group>"; };
		B5B6A70F2D3BCB7200B6ABC5 /* Assets.xcassets */ = {isa = PBXFileReference; lastKnownFileType = folder.assetcatalog; path = Assets.xcassets; sourceTree = "<group>"; };
		B5B6A7122D3BCB7200B6ABC5 /* Preview Assets.xcassets */ = {isa = PBXFileReference; lastKnownFileType = folder.assetcatalog; path = "Preview Assets.xcassets"; sourceTree = "<group>"; };
		B5B6A71C2D3BCD7500B6ABC5 /* Info.plist */ = {isa = PBXFileReference; lastKnownFileType = text.plist; path = Info.plist; sourceTree = "<group>"; };
		B5B6A71D2D3BCD9300B6ABC5 /* SDWebImageBootcamp.swift */ = {isa = PBXFileReference; lastKnownFileType = sourcecode.swift; path = SDWebImageBootcamp.swift; sourceTree = "<group>"; };
		B5B6A7202D3BD5CE00B6ABC5 /* ImageLoader.swift */ = {isa = PBXFileReference; lastKnownFileType = sourcecode.swift; path = ImageLoader.swift; sourceTree = "<group>"; };
		B5B6A7222D3BD62C00B6ABC5 /* ImagePrefetcher.swift */ = {isa = PBXFileReference; lastKnownFileType = sourcecode.swift; path = ImagePrefetcher.swift; sourceTree = "<group>"; };
		B5B6A7262D3BD6C100B6ABC5 /* KingfisherBootcamp.swift */ = {isa = PBXFileReference; lastKnownFileType = sourcecode.swift; path = KingfisherBootcamp.swift; sourceTree = "<group>"; };
		B5B6A72C2D3C4ED800B6ABC5 /* KeychainSwiftBootcamp.swift */ = {isa = PBXFileReference; lastKnownFileType = sourcecode.swift; path = KeychainSwiftBootcamp.swift; sourceTree = "<group>"; };
		B5B6A7322D3D1F2800B6ABC5 /* SwiftfulUIBootcamp.swift */ = {isa = PBXFileReference; lastKnownFileType = sourcecode.swift; path = SwiftfulUIBootcamp.swift; sourceTree = "<group>"; };
		B5B6A73B2D3E447F00B6ABC5 /* SwiftfulRoutingBootcamp.swift */ = {isa = PBXFileReference; lastKnownFileType = sourcecode.swift; path = SwiftfulRoutingBootcamp.swift; sourceTree = "<group>"; };
		B5B6A73E2D3E509B00B6ABC5 /* LottieBootcamp.swift */ = {isa = PBXFileReference; lastKnownFileType = sourcecode.swift; path = LottieBootcamp.swift; sourceTree = "<group>"; };
		B5B6A7452D3E530900B6ABC5 /* StarAnimation.json */ = {isa = PBXFileReference; fileEncoding = 4; lastKnownFileType = text.json; path = StarAnimation.json; sourceTree = "<group>"; };
/* End PBXFileReference section */

/* Begin PBXFrameworksBuildPhase section */
		B5B6A7052D3BCB7100B6ABC5 /* Frameworks */ = {
			isa = PBXFrameworksBuildPhase;
			buildActionMask = 2147483647;
			files = (
				B5B6A7362D3D1F7200B6ABC5 /* SwiftfulUI in Frameworks */,
				B5B6A7302D3C4FF600B6ABC5 /* KeychainSwift in Frameworks */,
				B5B6A72A2D3BD72900B6ABC5 /* Kingfisher in Frameworks */,
				B5B6A71B2D3BCD5F00B6ABC5 /* SDWebImageSwiftUI in Frameworks */,
				B5B6A7392D3E43CC00B6ABC5 /* SwiftfulRouting in Frameworks */,
				B5B6A7492D3E539600B6ABC5 /* Lottie in Frameworks */,
			);
			runOnlyForDeploymentPostprocessing = 0;
		};
/* End PBXFrameworksBuildPhase section */

/* Begin PBXGroup section */
		B5B6A6FF2D3BCB7100B6ABC5 = {
			isa = PBXGroup;
			children = (
				B5B6A70A2D3BCB7100B6ABC5 /* SwiftfulThinkingSPMsAndSDKs */,
				B5B6A7092D3BCB7100B6ABC5 /* Products */,
			);
			sourceTree = "<group>";
		};
		B5B6A7092D3BCB7100B6ABC5 /* Products */ = {
			isa = PBXGroup;
			children = (
				B5B6A7082D3BCB7100B6ABC5 /* SwiftfulThinkingSPMsAndSDKs.app */,
			);
			name = Products;
			sourceTree = "<group>";
		};
		B5B6A70A2D3BCB7100B6ABC5 /* SwiftfulThinkingSPMsAndSDKs */ = {
			isa = PBXGroup;
			children = (
				B5B6A73A2D3E43D100B6ABC5 /* Routing */,
				B5B6A71C2D3BCD7500B6ABC5 /* Info.plist */,
				B5B6A70B2D3BCB7100B6ABC5 /* SwiftfulThinkingSPMsAndSDKsApp.swift */,
				B5B6A73D2D3E509000B6ABC5 /* Animations */,
				B5B6A7312D3D1E3D00B6ABC5 /* UIHelpers */,
				B5B6A72B2D3C4EC800B6ABC5 /* Keychains */,
				B5B6A71F2D3BD5AF00B6ABC5 /* ImageLoading */,
				B5B6A70D2D3BCB7100B6ABC5 /* ContentView.swift */,
				B5B6A7452D3E530900B6ABC5 /* StarAnimation.json */,
				B5B6A70F2D3BCB7200B6ABC5 /* Assets.xcassets */,
				B5B6A7112D3BCB7200B6ABC5 /* Preview Content */,
			);
			path = SwiftfulThinkingSPMsAndSDKs;
			sourceTree = "<group>";
		};
		B5B6A7112D3BCB7200B6ABC5 /* Preview Content */ = {
			isa = PBXGroup;
			children = (
				B5B6A7122D3BCB7200B6ABC5 /* Preview Assets.xcassets */,
			);
			path = "Preview Content";
			sourceTree = "<group>";
		};
		B5B6A71F2D3BD5AF00B6ABC5 /* ImageLoading */ = {
			isa = PBXGroup;
			children = (
				B5B6A7252D3BD68C00B6ABC5 /* Generic */,
				B5B6A7242D3BD68500B6ABC5 /* SPMs */,
			);
			path = ImageLoading;
			sourceTree = "<group>";
		};
		B5B6A7242D3BD68500B6ABC5 /* SPMs */ = {
			isa = PBXGroup;
			children = (
				B5B6A71D2D3BCD9300B6ABC5 /* SDWebImageBootcamp.swift */,
				B5B6A7262D3BD6C100B6ABC5 /* KingfisherBootcamp.swift */,
			);
			path = SPMs;
			sourceTree = "<group>";
		};
		B5B6A7252D3BD68C00B6ABC5 /* Generic */ = {
			isa = PBXGroup;
			children = (
				B5B6A7202D3BD5CE00B6ABC5 /* ImageLoader.swift */,
				B5B6A7222D3BD62C00B6ABC5 /* ImagePrefetcher.swift */,
			);
			path = Generic;
			sourceTree = "<group>";
		};
		B5B6A72B2D3C4EC800B6ABC5 /* Keychains */ = {
			isa = PBXGroup;
			children = (
				B5B6A72C2D3C4ED800B6ABC5 /* KeychainSwiftBootcamp.swift */,
			);
			path = Keychains;
			sourceTree = "<group>";
		};
		B5B6A7312D3D1E3D00B6ABC5 /* UIHelpers */ = {
			isa = PBXGroup;
			children = (
				B5B6A7322D3D1F2800B6ABC5 /* SwiftfulUIBootcamp.swift */,
			);
			path = UIHelpers;
			sourceTree = "<group>";
		};
		B5B6A73A2D3E43D100B6ABC5 /* Routing */ = {
			isa = PBXGroup;
			children = (
				B5B6A73B2D3E447F00B6ABC5 /* SwiftfulRoutingBootcamp.swift */,
			);
			path = Routing;
			sourceTree = "<group>";
		};
		B5B6A73D2D3E509000B6ABC5 /* Animations */ = {
			isa = PBXGroup;
			children = (
				B5B6A73E2D3E509B00B6ABC5 /* LottieBootcamp.swift */,
			);
			path = Animations;
			sourceTree = "<group>";
		};
/* End PBXGroup section */

/* Begin PBXNativeTarget section */
		B5B6A7072D3BCB7100B6ABC5 /* SwiftfulThinkingSPMsAndSDKs */ = {
			isa = PBXNativeTarget;
			buildConfigurationList = B5B6A7162D3BCB7200B6ABC5 /* Build configuration list for PBXNativeTarget "SwiftfulThinkingSPMsAndSDKs" */;
			buildPhases = (
				B5B6A7042D3BCB7100B6ABC5 /* Sources */,
				B5B6A7052D3BCB7100B6ABC5 /* Frameworks */,
				B5B6A7062D3BCB7100B6ABC5 /* Resources */,
			);
			buildRules = (
			);
			dependencies = (
			);
			name = SwiftfulThinkingSPMsAndSDKs;
			packageProductDependencies = (
				B5B6A71A2D3BCD5F00B6ABC5 /* SDWebImageSwiftUI */,
				B5B6A7292D3BD72900B6ABC5 /* Kingfisher */,
				B5B6A72F2D3C4FF600B6ABC5 /* KeychainSwift */,
				B5B6A7352D3D1F7200B6ABC5 /* SwiftfulUI */,
				B5B6A7382D3E43CC00B6ABC5 /* SwiftfulRouting */,
				B5B6A7482D3E539600B6ABC5 /* Lottie */,
			);
			productName = SwiftfulThinkingSPMsAndSDKs;
			productReference = B5B6A7082D3BCB7100B6ABC5 /* SwiftfulThinkingSPMsAndSDKs.app */;
			productType = "com.apple.product-type.application";
		};
/* End PBXNativeTarget section */

/* Begin PBXProject section */
		B5B6A7002D3BCB7100B6ABC5 /* Project object */ = {
			isa = PBXProject;
			attributes = {
				BuildIndependentTargetsInParallel = 1;
				LastSwiftUpdateCheck = 1540;
				LastUpgradeCheck = 1540;
				TargetAttributes = {
					B5B6A7072D3BCB7100B6ABC5 = {
						CreatedOnToolsVersion = 15.4;
					};
				};
			};
			buildConfigurationList = B5B6A7032D3BCB7100B6ABC5 /* Build configuration list for PBXProject "SwiftfulThinkingSPMsAndSDKs" */;
			compatibilityVersion = "Xcode 14.0";
			developmentRegion = en;
			hasScannedForEncodings = 0;
			knownRegions = (
				en,
				Base,
			);
			mainGroup = B5B6A6FF2D3BCB7100B6ABC5;
			packageReferences = (
				B5B6A7192D3BCD5F00B6ABC5 /* XCRemoteSwiftPackageReference "SDWebImageSwiftUI" */,
				B5B6A7282D3BD72900B6ABC5 /* XCRemoteSwiftPackageReference "Kingfisher" */,
				B5B6A72E2D3C4FF600B6ABC5 /* XCRemoteSwiftPackageReference "keychain-swift" */,
				B5B6A7342D3D1F7200B6ABC5 /* XCRemoteSwiftPackageReference "SwiftfulUI" */,
				B5B6A7372D3E43CC00B6ABC5 /* XCRemoteSwiftPackageReference "SwiftfulRouting" */,
				B5B6A7472D3E539600B6ABC5 /* XCRemoteSwiftPackageReference "lottie-ios" */,
			);
			productRefGroup = B5B6A7092D3BCB7100B6ABC5 /* Products */;
			projectDirPath = "";
			projectRoot = "";
			targets = (
				B5B6A7072D3BCB7100B6ABC5 /* SwiftfulThinkingSPMsAndSDKs */,
			);
		};
/* End PBXProject section */

/* Begin PBXResourcesBuildPhase section */
		B5B6A7062D3BCB7100B6ABC5 /* Resources */ = {
			isa = PBXResourcesBuildPhase;
			buildActionMask = 2147483647;
			files = (
				B5B6A7132D3BCB7200B6ABC5 /* Preview Assets.xcassets in Resources */,
				B5B6A7462D3E530900B6ABC5 /* StarAnimation.json in Resources */,
				B5B6A7102D3BCB7200B6ABC5 /* Assets.xcassets in Resources */,
			);
			runOnlyForDeploymentPostprocessing = 0;
		};
/* End PBXResourcesBuildPhase section */

/* Begin PBXSourcesBuildPhase section */
		B5B6A7042D3BCB7100B6ABC5 /* Sources */ = {
			isa = PBXSourcesBuildPhase;
			buildActionMask = 2147483647;
			files = (
				B5B6A70E2D3BCB7100B6ABC5 /* ContentView.swift in Sources */,
				B5B6A70C2D3BCB7100B6ABC5 /* SwiftfulThinkingSPMsAndSDKsApp.swift in Sources */,
				B5B6A7332D3D1F2800B6ABC5 /* SwiftfulUIBootcamp.swift in Sources */,
				B5B6A7272D3BD6C100B6ABC5 /* KingfisherBootcamp.swift in Sources */,
				B5B6A73C2D3E447F00B6ABC5 /* SwiftfulRoutingBootcamp.swift in Sources */,
				B5B6A73F2D3E509B00B6ABC5 /* LottieBootcamp.swift in Sources */,
				B5B6A72D2D3C4ED800B6ABC5 /* KeychainSwiftBootcamp.swift in Sources */,
				B5B6A7212D3BD5CE00B6ABC5 /* ImageLoader.swift in Sources */,
				B5B6A7232D3BD62C00B6ABC5 /* ImagePrefetcher.swift in Sources */,
				B5B6A71E2D3BCD9300B6ABC5 /* SDWebImageBootcamp.swift in Sources */,
			);
			runOnlyForDeploymentPostprocessing = 0;
		};
/* End PBXSourcesBuildPhase section */

/* Begin XCBuildConfiguration section */
		B5B6A7142D3BCB7200B6ABC5 /* Debug */ = {
			isa = XCBuildConfiguration;
			buildSettings = {
				ALWAYS_SEARCH_USER_PATHS = NO;
				ASSETCATALOG_COMPILER_GENERATE_SWIFT_ASSET_SYMBOL_EXTENSIONS = YES;
				CLANG_ANALYZER_NONNULL = YES;
				CLANG_ANALYZER_NUMBER_OBJECT_CONVERSION = YES_AGGRESSIVE;
				CLANG_CXX_LANGUAGE_STANDARD = "gnu++20";
				CLANG_ENABLE_MODULES = YES;
				CLANG_ENABLE_OBJC_ARC = YES;
				CLANG_ENABLE_OBJC_WEAK = YES;
				CLANG_WARN_BLOCK_CAPTURE_AUTORELEASING = YES;
				CLANG_WARN_BOOL_CONVERSION = YES;
				CLANG_WARN_COMMA = YES;
				CLANG_WARN_CONSTANT_CONVERSION = YES;
				CLANG_WARN_DEPRECATED_OBJC_IMPLEMENTATIONS = YES;
				CLANG_WARN_DIRECT_OBJC_ISA_USAGE = YES_ERROR;
				CLANG_WARN_DOCUMENTATION_COMMENTS = YES;
				CLANG_WARN_EMPTY_BODY = YES;
				CLANG_WARN_ENUM_CONVERSION = YES;
				CLANG_WARN_INFINITE_RECURSION = YES;
				CLANG_WARN_INT_CONVERSION = YES;
				CLANG_WARN_NON_LITERAL_NULL_CONVERSION = YES;
				CLANG_WARN_OBJC_IMPLICIT_RETAIN_SELF = YES;
				CLANG_WARN_OBJC_LITERAL_CONVERSION = YES;
				CLANG_WARN_OBJC_ROOT_CLASS = YES_ERROR;
				CLANG_WARN_QUOTED_INCLUDE_IN_FRAMEWORK_HEADER = YES;
				CLANG_WARN_RANGE_LOOP_ANALYSIS = YES;
				CLANG_WARN_STRICT_PROTOTYPES = YES;
				CLANG_WARN_SUSPICIOUS_MOVE = YES;
				CLANG_WARN_UNGUARDED_AVAILABILITY = YES_AGGRESSIVE;
				CLANG_WARN_UNREACHABLE_CODE = YES;
				CLANG_WARN__DUPLICATE_METHOD_MATCH = YES;
				COPY_PHASE_STRIP = NO;
				DEBUG_INFORMATION_FORMAT = dwarf;
				ENABLE_STRICT_OBJC_MSGSEND = YES;
				ENABLE_TESTABILITY = YES;
				ENABLE_USER_SCRIPT_SANDBOXING = YES;
				GCC_C_LANGUAGE_STANDARD = gnu17;
				GCC_DYNAMIC_NO_PIC = NO;
				GCC_NO_COMMON_BLOCKS = YES;
				GCC_OPTIMIZATION_LEVEL = 0;
				GCC_PREPROCESSOR_DEFINITIONS = (
					"DEBUG=1",
					"$(inherited)",
				);
				GCC_WARN_64_TO_32_BIT_CONVERSION = YES;
				GCC_WARN_ABOUT_RETURN_TYPE = YES_ERROR;
				GCC_WARN_UNDECLARED_SELECTOR = YES;
				GCC_WARN_UNINITIALIZED_AUTOS = YES_AGGRESSIVE;
				GCC_WARN_UNUSED_FUNCTION = YES;
				GCC_WARN_UNUSED_VARIABLE = YES;
				IPHONEOS_DEPLOYMENT_TARGET = 17.5;
				LOCALIZATION_PREFERS_STRING_CATALOGS = YES;
				MTL_ENABLE_DEBUG_INFO = INCLUDE_SOURCE;
				MTL_FAST_MATH = YES;
				ONLY_ACTIVE_ARCH = YES;
				SDKROOT = iphoneos;
				SWIFT_ACTIVE_COMPILATION_CONDITIONS = "DEBUG $(inherited)";
				SWIFT_OPTIMIZATION_LEVEL = "-Onone";
			};
			name = Debug;
		};
		B5B6A7152D3BCB7200B6ABC5 /* Release */ = {
			isa = XCBuildConfiguration;
			buildSettings = {
				ALWAYS_SEARCH_USER_PATHS = NO;
				ASSETCATALOG_COMPILER_GENERATE_SWIFT_ASSET_SYMBOL_EXTENSIONS = YES;
				CLANG_ANALYZER_NONNULL = YES;
				CLANG_ANALYZER_NUMBER_OBJECT_CONVERSION = YES_AGGRESSIVE;
				CLANG_CXX_LANGUAGE_STANDARD = "gnu++20";
				CLANG_ENABLE_MODULES = YES;
				CLANG_ENABLE_OBJC_ARC = YES;
				CLANG_ENABLE_OBJC_WEAK = YES;
				CLANG_WARN_BLOCK_CAPTURE_AUTORELEASING = YES;
				CLANG_WARN_BOOL_CONVERSION = YES;
				CLANG_WARN_COMMA = YES;
				CLANG_WARN_CONSTANT_CONVERSION = YES;
				CLANG_WARN_DEPRECATED_OBJC_IMPLEMENTATIONS = YES;
				CLANG_WARN_DIRECT_OBJC_ISA_USAGE = YES_ERROR;
				CLANG_WARN_DOCUMENTATION_COMMENTS = YES;
				CLANG_WARN_EMPTY_BODY = YES;
				CLANG_WARN_ENUM_CONVERSION = YES;
				CLANG_WARN_INFINITE_RECURSION = YES;
				CLANG_WARN_INT_CONVERSION = YES;
				CLANG_WARN_NON_LITERAL_NULL_CONVERSION = YES;
				CLANG_WARN_OBJC_IMPLICIT_RETAIN_SELF = YES;
				CLANG_WARN_OBJC_LITERAL_CONVERSION = YES;
				CLANG_WARN_OBJC_ROOT_CLASS = YES_ERROR;
				CLANG_WARN_QUOTED_INCLUDE_IN_FRAMEWORK_HEADER = YES;
				CLANG_WARN_RANGE_LOOP_ANALYSIS = YES;
				CLANG_WARN_STRICT_PROTOTYPES = YES;
				CLANG_WARN_SUSPICIOUS_MOVE = YES;
				CLANG_WARN_UNGUARDED_AVAILABILITY = YES_AGGRESSIVE;
				CLANG_WARN_UNREACHABLE_CODE = YES;
				CLANG_WARN__DUPLICATE_METHOD_MATCH = YES;
				COPY_PHASE_STRIP = NO;
				DEBUG_INFORMATION_FORMAT = "dwarf-with-dsym";
				ENABLE_NS_ASSERTIONS = NO;
				ENABLE_STRICT_OBJC_MSGSEND = YES;
				ENABLE_USER_SCRIPT_SANDBOXING = YES;
				GCC_C_LANGUAGE_STANDARD = gnu17;
				GCC_NO_COMMON_BLOCKS = YES;
				GCC_WARN_64_TO_32_BIT_CONVERSION = YES;
				GCC_WARN_ABOUT_RETURN_TYPE = YES_ERROR;
				GCC_WARN_UNDECLARED_SELECTOR = YES;
				GCC_WARN_UNINITIALIZED_AUTOS = YES_AGGRESSIVE;
				GCC_WARN_UNUSED_FUNCTION = YES;
				GCC_WARN_UNUSED_VARIABLE = YES;
				IPHONEOS_DEPLOYMENT_TARGET = 17.5;
				LOCALIZATION_PREFERS_STRING_CATALOGS = YES;
				MTL_ENABLE_DEBUG_INFO = NO;
				MTL_FAST_MATH = YES;
				SDKROOT = iphoneos;
				SWIFT_COMPILATION_MODE = wholemodule;
				VALIDATE_PRODUCT = YES;
			};
			name = Release;
		};
		B5B6A7172D3BCB7200B6ABC5 /* Debug */ = {
			isa = XCBuildConfiguration;
			buildSettings = {
				ASSETCATALOG_COMPILER_APPICON_NAME = AppIcon;
				ASSETCATALOG_COMPILER_GLOBAL_ACCENT_COLOR_NAME = AccentColor;
				CODE_SIGN_STYLE = Automatic;
				CURRENT_PROJECT_VERSION = 1;
				DEVELOPMENT_ASSET_PATHS = "\"SwiftfulThinkingSPMsAndSDKs/Preview Content\"";
				ENABLE_PREVIEWS = YES;
				GENERATE_INFOPLIST_FILE = YES;
				INFOPLIST_FILE = SwiftfulThinkingSPMsAndSDKs/Info.plist;
				INFOPLIST_KEY_UIApplicationSceneManifest_Generation = YES;
				INFOPLIST_KEY_UIApplicationSupportsIndirectInputEvents = YES;
				INFOPLIST_KEY_UILaunchScreen_Generation = YES;
				INFOPLIST_KEY_UISupportedInterfaceOrientations_iPad = "UIInterfaceOrientationPortrait UIInterfaceOrientationPortraitUpsideDown UIInterfaceOrientationLandscapeLeft UIInterfaceOrientationLandscapeRight";
				INFOPLIST_KEY_UISupportedInterfaceOrientations_iPhone = "UIInterfaceOrientationPortrait UIInterfaceOrientationLandscapeLeft UIInterfaceOrientationLandscapeRight";
				LD_RUNPATH_SEARCH_PATHS = (
					"$(inherited)",
					"@executable_path/Frameworks",
				);
				MARKETING_VERSION = 1.0;
				PRODUCT_BUNDLE_IDENTIFIER = com.toni.SwiftfulThinkingSPMsAndSDKs;
				PRODUCT_NAME = "$(TARGET_NAME)";
				SWIFT_EMIT_LOC_STRINGS = YES;
				SWIFT_VERSION = 5.0;
				TARGETED_DEVICE_FAMILY = "1,2";
			};
			name = Debug;
		};
		B5B6A7182D3BCB7200B6ABC5 /* Release */ = {
			isa = XCBuildConfiguration;
			buildSettings = {
				ASSETCATALOG_COMPILER_APPICON_NAME = AppIcon;
				ASSETCATALOG_COMPILER_GLOBAL_ACCENT_COLOR_NAME = AccentColor;
				CODE_SIGN_STYLE = Automatic;
				CURRENT_PROJECT_VERSION = 1;
				DEVELOPMENT_ASSET_PATHS = "\"SwiftfulThinkingSPMsAndSDKs/Preview Content\"";
				ENABLE_PREVIEWS = YES;
				GENERATE_INFOPLIST_FILE = YES;
				INFOPLIST_FILE = SwiftfulThinkingSPMsAndSDKs/Info.plist;
				INFOPLIST_KEY_UIApplicationSceneManifest_Generation = YES;
				INFOPLIST_KEY_UIApplicationSupportsIndirectInputEvents = YES;
				INFOPLIST_KEY_UILaunchScreen_Generation = YES;
				INFOPLIST_KEY_UISupportedInterfaceOrientations_iPad = "UIInterfaceOrientationPortrait UIInterfaceOrientationPortraitUpsideDown UIInterfaceOrientationLandscapeLeft UIInterfaceOrientationLandscapeRight";
				INFOPLIST_KEY_UISupportedInterfaceOrientations_iPhone = "UIInterfaceOrientationPortrait UIInterfaceOrientationLandscapeLeft UIInterfaceOrientationLandscapeRight";
				LD_RUNPATH_SEARCH_PATHS = (
					"$(inherited)",
					"@executable_path/Frameworks",
				);
				MARKETING_VERSION = 1.0;
				PRODUCT_BUNDLE_IDENTIFIER = com.toni.SwiftfulThinkingSPMsAndSDKs;
				PRODUCT_NAME = "$(TARGET_NAME)";
				SWIFT_EMIT_LOC_STRINGS = YES;
				SWIFT_VERSION = 5.0;
				TARGETED_DEVICE_FAMILY = "1,2";
			};
			name = Release;
		};
/* End XCBuildConfiguration section */

/* Begin XCConfigurationList section */
		B5B6A7032D3BCB7100B6ABC5 /* Build configuration list for PBXProject "SwiftfulThinkingSPMsAndSDKs" */ = {
			isa = XCConfigurationList;
			buildConfigurations = (
				B5B6A7142D3BCB7200B6ABC5 /* Debug */,
				B5B6A7152D3BCB7200B6ABC5 /* Release */,
			);
			defaultConfigurationIsVisible = 0;
			defaultConfigurationName = Release;
		};
		B5B6A7162D3BCB7200B6ABC5 /* Build configuration list for PBXNativeTarget "SwiftfulThinkingSPMsAndSDKs" */ = {
			isa = XCConfigurationList;
			buildConfigurations = (
				B5B6A7172D3BCB7200B6ABC5 /* Debug */,
				B5B6A7182D3BCB7200B6ABC5 /* Release */,
			);
			defaultConfigurationIsVisible = 0;
			defaultConfigurationName = Release;
		};
/* End XCConfigurationList section */

/* Begin XCRemoteSwiftPackageReference section */
		B5B6A7192D3BCD5F00B6ABC5 /* XCRemoteSwiftPackageReference "SDWebImageSwiftUI" */ = {
			isa = XCRemoteSwiftPackageReference;
			repositoryURL = "https://github.com/SDWebImage/SDWebImageSwiftUI.git";
			requirement = {
				kind = upToNextMajorVersion;
				minimumVersion = 3.1.3;
			};
		};
		B5B6A7282D3BD72900B6ABC5 /* XCRemoteSwiftPackageReference "Kingfisher" */ = {
			isa = XCRemoteSwiftPackageReference;
			repositoryURL = "https://github.com/onevcat/Kingfisher.git";
			requirement = {
				kind = upToNextMajorVersion;
				minimumVersion = 8.1.3;
			};
		};
		B5B6A72E2D3C4FF600B6ABC5 /* XCRemoteSwiftPackageReference "keychain-swift" */ = {
			isa = XCRemoteSwiftPackageReference;
			repositoryURL = "https://github.com/evgenyneu/keychain-swift.git";
			requirement = {
				kind = upToNextMajorVersion;
				minimumVersion = 24.0.0;
			};
		};
		B5B6A7342D3D1F7200B6ABC5 /* XCRemoteSwiftPackageReference "SwiftfulUI" */ = {
			isa = XCRemoteSwiftPackageReference;
			repositoryURL = "https://github.com/SwiftfulThinking/SwiftfulUI.git";
			requirement = {
				kind = upToNextMajorVersion;
				minimumVersion = 1.2.0;
			};
		};
		B5B6A7372D3E43CC00B6ABC5 /* XCRemoteSwiftPackageReference "SwiftfulRouting" */ = {
			isa = XCRemoteSwiftPackageReference;
			repositoryURL = "https://github.com/SwiftfulThinking/SwiftfulRouting.git";
			requirement = {
				kind = upToNextMajorVersion;
				minimumVersion = 5.3.6;
			};
		};
		B5B6A7472D3E539600B6ABC5 /* XCRemoteSwiftPackageReference "lottie-ios" */ = {
			isa = XCRemoteSwiftPackageReference;
			repositoryURL = "https://github.com/airbnb/lottie-ios.git";
			requirement = {
				kind = upToNextMajorVersion;
				minimumVersion = 4.5.1;
			};
		};
/* End XCRemoteSwiftPackageReference section */

/* Begin XCSwiftPackageProductDependency section */
		B5B6A71A2D3BCD5F00B6ABC5 /* SDWebImageSwiftUI */ = {
			isa = XCSwiftPackageProductDependency;
			package = B5B6A7192D3BCD5F00B6ABC5 /* XCRemoteSwiftPackageReference "SDWebImageSwiftUI" */;
			productName = SDWebImageSwiftUI;
		};
		B5B6A7292D3BD72900B6ABC5 /* Kingfisher */ = {
			isa = XCSwiftPackageProductDependency;
			package = B5B6A7282D3BD72900B6ABC5 /* XCRemoteSwiftPackageReference "Kingfisher" */;
			productName = Kingfisher;
		};
		B5B6A72F2D3C4FF600B6ABC5 /* KeychainSwift */ = {
			isa = XCSwiftPackageProductDependency;
			package = B5B6A72E2D3C4FF600B6ABC5 /* XCRemoteSwiftPackageReference "keychain-swift" */;
			productName = KeychainSwift;
		};
		B5B6A7352D3D1F7200B6ABC5 /* SwiftfulUI */ = {
			isa = XCSwiftPackageProductDependency;
			package = B5B6A7342D3D1F7200B6ABC5 /* XCRemoteSwiftPackageReference "SwiftfulUI" */;
			productName = SwiftfulUI;
		};
		B5B6A7382D3E43CC00B6ABC5 /* SwiftfulRouting */ = {
			isa = XCSwiftPackageProductDependency;
			package = B5B6A7372D3E43CC00B6ABC5 /* XCRemoteSwiftPackageReference "SwiftfulRouting" */;
			productName = SwiftfulRouting;
		};
		B5B6A7482D3E539600B6ABC5 /* Lottie */ = {
			isa = XCSwiftPackageProductDependency;
			package = B5B6A7472D3E539600B6ABC5 /* XCRemoteSwiftPackageReference "lottie-ios" */;
			productName = Lottie;
		};
/* End XCSwiftPackageProductDependency section */
	};
	rootObject = B5B6A7002D3BCB7100B6ABC5 /* Project object */;
}
